<?xml version="1.0" encoding="utf-8"?>
<Project ToolsVersion="4.0" xmlns="http://schemas.microsoft.com/developer/msbuild/2003">
  <ItemGroup>
    <Filter Include="Source Files">
      <UniqueIdentifier>{f32267ce-4246-4ee4-8b3c-c2044a38bce2}</UniqueIdentifier>
      <Extensions>cpp;c;cxx;rc;def;r;odl;idl;hpj;bat</Extensions>
    </Filter>
    <Filter Include="Source Files\Quantizers">
      <UniqueIdentifier>{1e96a0ce-3ecd-4b19-a9e4-6e077c88993d}</UniqueIdentifier>
    </Filter>
    <Filter Include="Source Files\Conversion">
      <UniqueIdentifier>{7b6c5db9-bcbb-44b3-bd99-78a482559b9f}</UniqueIdentifier>
    </Filter>
    <Filter Include="Source Files\Plugins">
      <UniqueIdentifier>{ec874f56-df3d-4d77-8f67-e29d20299e3d}</UniqueIdentifier>
    </Filter>
    <Filter Include="Header Files">
      <UniqueIdentifier>{3a5b166f-0d56-42ee-a39e-5776928294f2}</UniqueIdentifier>
      <Extensions>h;hpp;hxx;hm;inl</Extensions>
    </Filter>
  </ItemGroup>
  <ItemGroup>
    <ClCompile Include="..\FreeImage\NNQuantizer.cpp">
      <Filter>Source Files\Quantizers</Filter>
    </ClCompile>
    <ClCompile Include="..\FreeImage\WuQuantizer.cpp">
      <Filter>Source Files\Quantizers</Filter>
    </ClCompile>
    <ClCompile Include="..\FreeImage\Conversion.cpp">
      <Filter>Source Files\Conversion</Filter>
    </ClCompile>
    <ClCompile Include="..\FreeImage\Conversion16_555.cpp">
      <Filter>Source Files\Conversion</Filter>
    </ClCompile>
    <ClCompile Include="..\FreeImage\Conversion16_565.cpp">
      <Filter>Source Files\Conversion</Filter>
    </ClCompile>
    <ClCompile Include="..\FreeImage\Conversion24.cpp">
      <Filter>Source Files\Conversion</Filter>
    </ClCompile>
    <ClCompile Include="..\FreeImage\Conversion32.cpp">
      <Filter>Source Files\Conversion</Filter>
    </ClCompile>
    <ClCompile Include="..\FreeImage\Conversion8.cpp">
      <Filter>Source Files\Conversion</Filter>
    </ClCompile>
    <ClCompile Include="..\FreeImage\Plugin.cpp">
      <Filter>Source Files\Plugins</Filter>
    </ClCompile>
    <ClCompile Include="..\FreeImage\PluginBMP.cpp">
      <Filter>Source Files\Plugins</Filter>
    </ClCompile>
    <ClCompile Include="..\FreeImage\PluginICO.cpp">
      <Filter>Source Files\Plugins</Filter>
    </ClCompile>
    <ClCompile Include="..\FreeImage\PluginIFF.cpp">
      <Filter>Source Files\Plugins</Filter>
    </ClCompile>
    <ClCompile Include="..\FreeImage\PluginJPEG.cpp">
      <Filter>Source Files\Plugins</Filter>
    </ClCompile>
    <ClCompile Include="..\FreeImage\PluginKOALA.cpp">
      <Filter>Source Files\Plugins</Filter>
    </ClCompile>
    <ClCompile Include="..\FreeImage\PluginMNG.cpp">
      <Filter>Source Files\Plugins</Filter>
    </ClCompile>
    <ClCompile Include="..\FreeImage\PluginPCD.cpp">
      <Filter>Source Files\Plugins</Filter>
    </ClCompile>
    <ClCompile Include="..\FreeImage\PluginPCX.cpp">
      <Filter>Source Files\Plugins</Filter>
    </ClCompile>
    <ClCompile Include="..\FreeImage\PluginPNG.cpp">
      <Filter>Source Files\Plugins</Filter>
    </ClCompile>
    <ClCompile Include="..\FreeImage\PluginPNM.cpp">
      <Filter>Source Files\Plugins</Filter>
    </ClCompile>
    <ClCompile Include="..\FreeImage\PluginPSD.cpp">
      <Filter>Source Files\Plugins</Filter>
    </ClCompile>
    <ClCompile Include="..\FreeImage\PluginRAS.cpp">
      <Filter>Source Files\Plugins</Filter>
    </ClCompile>
    <ClCompile Include="..\FreeImage\PluginTARGA.cpp">
      <Filter>Source Files\Plugins</Filter>
    </ClCompile>
    <ClCompile Include="..\FreeImage\PluginTIFF.cpp">
      <Filter>Source Files\Plugins</Filter>
    </ClCompile>
    <ClCompile Include="..\FreeImage\PluginWBMP.cpp">
      <Filter>Source Files\Plugins</Filter>
    </ClCompile>
    <ClCompile Include="..\FreeImage\BitmapAccess.cpp">
      <Filter>Source Files</Filter>
    </ClCompile>
    <ClCompile Include="..\FreeImage\FreeImage.cpp">
      <Filter>Source Files</Filter>
    </ClCompile>
    <ClCompile Include="..\FreeImage\FreeImageIO.cpp">
      <Filter>Source Files</Filter>
    </ClCompile>
    <ClCompile Include="..\FreeImage\GetType.cpp">
      <Filter>Source Files</Filter>
    </ClCompile>
    <ClCompile Include="..\FreeImage\LoadFunctions.cpp">
      <Filter>Source Files</Filter>
    </ClCompile>
  </ItemGroup>
  <ItemGroup>
    <ClInclude Include="..\FreeImage.h">
      <Filter>Header Files</Filter>
    </ClInclude>
    <ClInclude Include="..\FreeImageIO.h">
      <Filter>Header Files</Filter>
    </ClInclude>
    <ClInclude Include="..\Plugin.h">
      <Filter>Header Files</Filter>
    </ClInclude>
    <ClInclude Include="..\Quantizers.h">
      <Filter>Header Files</Filter>
    </ClInclude>
    <ClInclude Include="..\Utilities.h">
      <Filter>Header Files</Filter>
    </ClInclude>
  </ItemGroup>
</Project>