
Microsoft Visual Studio Solution File, Format Version 12.00
# Visual Studio 15
VisualStudioVersion = 15.0.26430.14
MinimumVisualStudioVersion = 10.0.40219.1
Project("{8BC9CEB8-8B4A-11D0-8D11-00A0C91BC942}") = "app", "app\app.vcxproj", "{BE3CE095-CC37-4209-9A32-0D1A2F9D66D3}"
EndProject
Project("{8BC9CEB8-8B4A-11D0-8D11-00A0C91BC942}") = "bank", "bank\bank.vcxproj", "{BD81D27F-6957-42B7-A961-B5CE3A216A27}"
EndProject
Project("{8BC9CEB8-8B4A-11D0-8D11-00A0C91BC942}") = "bblaunch", "bblaunch\bblaunch.vcxproj", "{0D3AA3A3-98DE-4DFE-8CDB-055AC44ED617}"
EndProject
Project("{8BC9CEB8-8B4A-11D0-8D11-00A0C91BC942}") = "blitz2d", "blitz2d\blitz2d.vcxproj", "{7E44C920-C422-4885-91EC-CCD09E976ABB}"
EndProject
Project("{8BC9CEB8-8B4A-11D0-8D11-00A0C91BC942}") = "blitzcc", "blitzcc\blitzcc.vcxproj", "{F7F4872E-11D4-4A0F-8DEF-C968A64832C1}"
EndProject
Project("{8BC9CEB8-8B4A-11D0-8D11-00A0C91BC942}") = "blitzplus", "blitzplus\blitzplus.vcxproj", "{F8B7C380-3D01-409F-84BA-C791D483A9F7}"
	ProjectSection(ProjectDependencies) = postProject
		{4D936323-B459-429E-B192-39B9290E3883} = {4D936323-B459-429E-B192-39B9290E3883}
		{7FEB7D92-C789-4A2C-B1F3-06C54CE276EE} = {7FEB7D92-C789-4A2C-B1F3-06C54CE276EE}
		{80D29696-DA27-4767-B736-AF0B0DCE4500} = {80D29696-DA27-4767-B736-AF0B0DCE4500}
		{0C7BD7A8-5A0A-4CED-A18B-DB7187C2CF0D} = {0C7BD7A8-5A0A-4CED-A18B-DB7187C2CF0D}
		{245A53C3-5938-4066-9046-6F37FB78CC3F} = {245A53C3-5938-4066-9046-6F37FB78CC3F}
	EndProjectSection
EndProject
Project("{8BC9CEB8-8B4A-11D0-8D11-00A0C91BC942}") = "canvas", "canvas\canvas.vcxproj", "{A0EE1452-D524-43FF-8DDA-A2CB7CCDE889}"
EndProject
Project("{8BC9CEB8-8B4A-11D0-8D11-00A0C91BC942}") = "debug", "debug\debug.vcxproj", "{234F3773-CE6F-44FD-9A43-9DAEF89510B7}"
EndProject
Project("{8BC9CEB8-8B4A-11D0-8D11-00A0C91BC942}") = "debugger", "debugger\debugger.vcxproj", "{2E3B4CEF-B284-4A7D-A271-56AFD69EA52D}"
EndProject
Project("{8BC9CEB8-8B4A-11D0-8D11-00A0C91BC942}") = "event", "event\event.vcxproj", "{17C65E4D-C2BA-439C-869E-731C0898AB3E}"
EndProject
Project("{8BC9CEB8-8B4A-11D0-8D11-00A0C91BC942}") = "filesys", "filesys\filesys.vcxproj", "{CD2B0B6F-30D4-4CFA-9657-780962F564A6}"
EndProject
Project("{8BC9CEB8-8B4A-11D0-8D11-00A0C91BC942}") = "font", "font\font.vcxproj", "{AA291E93-B3B8-4839-B27B-D8118D2A54FE}"
EndProject
Project("{8BC9CEB8-8B4A-11D0-8D11-00A0C91BC942}") = "graphics", "graphics\graphics.vcxproj", "{0ACD6C79-C12E-4BD9-8273-2B55F8786365}"
EndProject
Project("{8BC9CEB8-8B4A-11D0-8D11-00A0C91BC942}") = "grdriver", "grdriver\grdriver.vcxproj", "{9B27C1AB-8542-4126-B46C-90355E2562A7}"
EndProject
Project("{8BC9CEB8-8B4A-11D0-8D11-00A0C91BC942}") = "grdriver2d", "grdriver2d\grdriver2d.vcxproj", "{20131D4F-6388-48F0-A19D-512EA9528EE1}"
EndProject
Project("{8BC9CEB8-8B4A-11D0-8D11-00A0C91BC942}") = "gui", "gui\gui.vcxproj", "{0542EB63-BF71-43EA-B39E-78137172C9D8}"
EndProject
Project("{8BC9CEB8-8B4A-11D0-8D11-00A0C91BC942}") = "ide", "ide\ide.vcxproj", "{A4E525A2-5C95-4D14-828C-50817216CE5F}"
EndProject
Project("{8BC9CEB8-8B4A-11D0-8D11-00A0C91BC942}") = "joystick", "joystick\joystick.vcxproj", "{B5CDDE6F-4241-4C2B-9BEE-87E8744716AF}"
EndProject
Project("{8BC9CEB8-8B4A-11D0-8D11-00A0C91BC942}") = "linker", "linker\linker.vcxproj", "{4AA5AB47-B070-4BFE-A6CA-9A4E9F08AF77}"
EndProject
Project("{8BC9CEB8-8B4A-11D0-8D11-00A0C91BC942}") = "math", "math\math.vcxproj", "{1F6910B3-1C12-4C33-ACC6-658BBE803A46}"
EndProject
Project("{8BC9CEB8-8B4A-11D0-8D11-00A0C91BC942}") = "module", "module\module.vcxproj", "{9717F037-17F4-4270-AFAE-7BB4EABF740B}"
EndProject
Project("{8BC9CEB8-8B4A-11D0-8D11-00A0C91BC942}") = "movie", "movie\movie.vcxproj", "{09FF00B3-F670-40C5-9841-C4A5FC517D02}"
EndProject
Project("{8BC9CEB8-8B4A-11D0-8D11-00A0C91BC942}") = "object", "object\object.vcxproj", "{DD064938-20C9-4F8E-A54B-654DEF476DAD}"
EndProject
Project("{8BC9CEB8-8B4A-11D0-8D11-00A0C91BC942}") = "opengl", "opengl\opengl.vcxproj", "{703E35F0-E725-40C4-9F28-3E0F0A5E33F9}"
EndProject
Project("{8BC9CEB8-8B4A-11D0-8D11-00A0C91BC942}") = "process", "process\process.vcxproj", "{1016E8C1-74E2-4FA5-A021-34295BB86835}"
EndProject
Project("{8BC9CEB8-8B4A-11D0-8D11-00A0C91BC942}") = "rsource", "rsource\rsource.vcxproj", "{0D02B778-2D96-4BD1-AC48-2F2C97868865}"
EndProject
Project("{8BC9CEB8-8B4A-11D0-8D11-00A0C91BC942}") = "screen", "screen\screen.vcxproj", "{FAEAB161-CE41-424C-AC80-1DA68E7DB227}"
EndProject
Project("{8BC9CEB8-8B4A-11D0-8D11-00A0C91BC942}") = "stream", "stream\stream.vcxproj", "{6EA13545-4C97-4446-B696-6F006B662C1F}"
EndProject
Project("{8BC9CEB8-8B4A-11D0-8D11-00A0C91BC942}") = "string", "string\string.vcxproj", "{C6ACC8F2-ADB6-4F3A-A4C7-745548CB5902}"
EndProject
Project("{8BC9CEB8-8B4A-11D0-8D11-00A0C91BC942}") = "tcpip", "tcpip\tcpip.vcxproj", "{0D60102E-ED7B-4DF0-86E0-D3E4EC3EDB10}"
EndProject
Project("{8BC9CEB8-8B4A-11D0-8D11-00A0C91BC942}") = "time", "time\time.vcxproj", "{FAF160DB-F19F-49DA-A3DA-FE9EDC477DB2}"
EndProject
Project("{8BC9CEB8-8B4A-11D0-8D11-00A0C91BC942}") = "timer", "timer\timer.vcxproj", "{11C69FC1-ACD4-42D9-A3F1-7562194921A8}"
EndProject
Project("{8BC9CEB8-8B4A-11D0-8D11-00A0C91BC942}") = "visual", "visual\visual.vcxproj", "{F81BFD5D-A8ED-4E1A-A3FB-D60A75FD8582}"
EndProject
Project("{8BC9CEB8-8B4A-11D0-8D11-00A0C91BC942}") = "win32canvas", "win32canvas\win32canvas.vcxproj", "{05296078-3139-45CA-9D05-6ABD132BB58D}"
EndProject
Project("{8BC9CEB8-8B4A-11D0-8D11-00A0C91BC942}") = "win32dd", "win32dd\win32dd.vcxproj", "{8A4FC8F7-C3DD-4790-A649-B23F9E89F6A6}"
EndProject
Project("{8BC9CEB8-8B4A-11D0-8D11-00A0C91BC942}") = "win32ddcanvas", "win32ddcanvas\win32ddcanvas.vcxproj", "{4E7A6EC7-E437-4572-8A90-52A8A42D175F}"
EndProject
Project("{8BC9CEB8-8B4A-11D0-8D11-00A0C91BC942}") = "win32ddgrdriver2d", "win32ddgrdriver2d\win32ddgrdriver2d.vcxproj", "{3E2991A5-1F1D-4B5A-BD0D-080B6A8A17CB}"
EndProject
Project("{8BC9CEB8-8B4A-11D0-8D11-00A0C91BC942}") = "win32ddscreen", "win32ddscreen\win32ddscreen.vcxproj", "{0D47E874-A381-4AEF-9BF5-AE533FFC440D}"
EndProject
Project("{8BC9CEB8-8B4A-11D0-8D11-00A0C91BC942}") = "win32dib", "win32dib\win32dib.vcxproj", "{2FBD9FCC-CF00-47D2-9B10-C8E631BAD3E6}"
EndProject
Project("{8BC9CEB8-8B4A-11D0-8D11-00A0C91BC942}") = "win32dsmovie", "win32dsmovie\win32dsmovie.vcxproj", "{0DBDF3C4-CA1B-4E4B-B4E5-D8DB865830B1}"
EndProject
Project("{8BC9CEB8-8B4A-11D0-8D11-00A0C91BC942}") = "win32event", "win32event\win32event.vcxproj", "{CA2F3D88-96D7-4E12-BDBF-80FB73AF40D8}"
EndProject
Project("{8BC9CEB8-8B4A-11D0-8D11-00A0C91BC942}") = "win32font", "win32font\win32font.vcxproj", "{D8439599-4B2F-4C0E-8230-4445268E0782}"
EndProject
Project("{8BC9CEB8-8B4A-11D0-8D11-00A0C91BC942}") = "win32gdi", "win32gdi\win32gdi.vcxproj", "{BB3D8AA9-8B66-4024-9C2A-DF109E1B317B}"
EndProject
Project("{8BC9CEB8-8B4A-11D0-8D11-00A0C91BC942}") = "win32gdicanvas", "win32gdicanvas\win32gdicanvas.vcxproj", "{B85C329C-2F20-4DB4-B199-8A6EDB9C5CC6}"
EndProject
Project("{8BC9CEB8-8B4A-11D0-8D11-00A0C91BC942}") = "win32gdigrdriver2d", "win32gdigrdriver2d\win32gdigrdriver2d.vcxproj", "{9F8F54FE-64D5-4C67-9ACD-53C595A9A668}"
EndProject
Project("{8BC9CEB8-8B4A-11D0-8D11-00A0C91BC942}") = "win32gdiscreen", "win32gdiscreen\win32gdiscreen.vcxproj", "{4E978915-0504-4DDD-B14D-8616525CEAE5}"
EndProject
Project("{8BC9CEB8-8B4A-11D0-8D11-00A0C91BC942}") = "win32gl", "win32gl\win32gl.vcxproj", "{5F355627-BB4C-448E-BD9E-887E243F1C79}"
EndProject
Project("{8BC9CEB8-8B4A-11D0-8D11-00A0C91BC942}") = "win32glcanvas", "win32glcanvas\win32glcanvas.vcxproj", "{B22632DA-A6EB-4D53-B80B-A0F58AA674CB}"
EndProject
Project("{8BC9CEB8-8B4A-11D0-8D11-00A0C91BC942}") = "win32glgrdriver2d", "win32glgrdriver2d\win32glgrdriver2d.vcxproj", "{AA66D49A-4B8E-4081-9FF6-D619B673FB92}"
EndProject
Project("{8BC9CEB8-8B4A-11D0-8D11-00A0C91BC942}") = "win32glscreen", "win32glscreen\win32glscreen.vcxproj", "{EF837B0F-1363-4AB0-B3E9-E84B09DF3C58}"
EndProject
Project("{8BC9CEB8-8B4A-11D0-8D11-00A0C91BC942}") = "win32gui", "win32gui\win32gui.vcxproj", "{B6244BC0-3F25-468F-B06D-0BFCC7308C54}"
EndProject
Project("{8BC9CEB8-8B4A-11D0-8D11-00A0C91BC942}") = "win32hwnd", "win32hwnd\win32hwnd.vcxproj", "{99D819A6-5279-44E3-BA39-BDB9F974E10B}"
EndProject
Project("{8BC9CEB8-8B4A-11D0-8D11-00A0C91BC942}") = "win32screen", "win32screen\win32screen.vcxproj", "{D4D440BE-0702-4B14-8179-51C87D07C953}"
EndProject
Project("{8BC9CEB8-8B4A-11D0-8D11-00A0C91BC942}") = "win32timer", "win32timer\win32timer.vcxproj", "{C4B3E99B-F958-41C3-9A26-C92FC4437F64}"
EndProject
Project("{8BC9CEB8-8B4A-11D0-8D11-00A0C91BC942}") = "FreeImageLib", "freeimage\FreeImageLib\FreeImageLib.vcxproj", "{0C7BD7A8-5A0A-4CED-A18B-DB7187C2CF0D}"
EndProject
Project("{8BC9CEB8-8B4A-11D0-8D11-00A0C91BC942}") = "LibJPEG", "freeimage\LibJPEG\LibJPEG.vcxproj", "{4D936323-B459-429E-B192-39B9290E3883}"
EndProject
Project("{8BC9CEB8-8B4A-11D0-8D11-00A0C91BC942}") = "LibPNG", "freeimage\LibPNG\LibPNG.vcxproj", "{80D29696-DA27-4767-B736-AF0B0DCE4500}"
EndProject
Project("{8BC9CEB8-8B4A-11D0-8D11-00A0C91BC942}") = "ZLib", "freeimage\ZLib\ZLib.vcxproj", "{7FEB7D92-C789-4A2C-B1F3-06C54CE276EE}"
EndProject
Project("{8BC9CEB8-8B4A-11D0-8D11-00A0C91BC942}") = "audio", "audio\audio.vcxproj", "{245A53C3-5938-4066-9046-6F37FB78CC3F}"
EndProject
Global
	GlobalSection(SolutionConfigurationPlatforms) = preSolution
		Debug|x86 = Debug|x86
		Release|x86 = Release|x86
		Template|x86 = Template|x86
	EndGlobalSection
	GlobalSection(ProjectConfigurationPlatforms) = postSolution
		{BE3CE095-CC37-4209-9A32-0D1A2F9D66D3}.Debug|x86.ActiveCfg = Debug|Win32
		{BE3CE095-CC37-4209-9A32-0D1A2F9D66D3}.Debug|x86.Build.0 = Debug|Win32
		{BE3CE095-CC37-4209-9A32-0D1A2F9D66D3}.Release|x86.ActiveCfg = Release|Win32
		{BE3CE095-CC37-4209-9A32-0D1A2F9D66D3}.Release|x86.Build.0 = Release|Win32
		{BE3CE095-CC37-4209-9A32-0D1A2F9D66D3}.Template|x86.ActiveCfg = Release|Win32
		{BE3CE095-CC37-4209-9A32-0D1A2F9D66D3}.Template|x86.Build.0 = Release|Win32
		{BD81D27F-6957-42B7-A961-B5CE3A216A27}.Debug|x86.ActiveCfg = Debug|Win32
		{BD81D27F-6957-42B7-A961-B5CE3A216A27}.Debug|x86.Build.0 = Debug|Win32
		{BD81D27F-6957-42B7-A961-B5CE3A216A27}.Release|x86.ActiveCfg = Release|Win32
		{BD81D27F-6957-42B7-A961-B5CE3A216A27}.Release|x86.Build.0 = Release|Win32
		{BD81D27F-6957-42B7-A961-B5CE3A216A27}.Template|x86.ActiveCfg = Template|Win32
		{BD81D27F-6957-42B7-A961-B5CE3A216A27}.Template|x86.Build.0 = Template|Win32
		{0D3AA3A3-98DE-4DFE-8CDB-055AC44ED617}.Debug|x86.ActiveCfg = Debug|Win32
		{0D3AA3A3-98DE-4DFE-8CDB-055AC44ED617}.Debug|x86.Build.0 = Debug|Win32
		{0D3AA3A3-98DE-4DFE-8CDB-055AC44ED617}.Release|x86.ActiveCfg = Release|Win32
		{0D3AA3A3-98DE-4DFE-8CDB-055AC44ED617}.Release|x86.Build.0 = Release|Win32
		{0D3AA3A3-98DE-4DFE-8CDB-055AC44ED617}.Template|x86.ActiveCfg = Template|Win32
		{0D3AA3A3-98DE-4DFE-8CDB-055AC44ED617}.Template|x86.Build.0 = Template|Win32
		{7E44C920-C422-4885-91EC-CCD09E976ABB}.Debug|x86.ActiveCfg = Debug|Win32
		{7E44C920-C422-4885-91EC-CCD09E976ABB}.Debug|x86.Build.0 = Debug|Win32
		{7E44C920-C422-4885-91EC-CCD09E976ABB}.Release|x86.ActiveCfg = Release|Win32
		{7E44C920-C422-4885-91EC-CCD09E976ABB}.Release|x86.Build.0 = Release|Win32
		{7E44C920-C422-4885-91EC-CCD09E976ABB}.Template|x86.ActiveCfg = Template|Win32
		{7E44C920-C422-4885-91EC-CCD09E976ABB}.Template|x86.Build.0 = Template|Win32
		{F7F4872E-11D4-4A0F-8DEF-C968A64832C1}.Debug|x86.ActiveCfg = Debug|Win32
		{F7F4872E-11D4-4A0F-8DEF-C968A64832C1}.Debug|x86.Build.0 = Debug|Win32
		{F7F4872E-11D4-4A0F-8DEF-C968A64832C1}.Release|x86.ActiveCfg = Release|Win32
		{F7F4872E-11D4-4A0F-8DEF-C968A64832C1}.Release|x86.Build.0 = Release|Win32
		{F7F4872E-11D4-4A0F-8DEF-C968A64832C1}.Template|x86.ActiveCfg = Template|Win32
		{F7F4872E-11D4-4A0F-8DEF-C968A64832C1}.Template|x86.Build.0 = Template|Win32
		{F8B7C380-3D01-409F-84BA-C791D483A9F7}.Debug|x86.ActiveCfg = Debug|Win32
		{F8B7C380-3D01-409F-84BA-C791D483A9F7}.Debug|x86.Build.0 = Debug|Win32
		{F8B7C380-3D01-409F-84BA-C791D483A9F7}.Release|x86.ActiveCfg = Release|Win32
		{F8B7C380-3D01-409F-84BA-C791D483A9F7}.Release|x86.Build.0 = Release|Win32
		{F8B7C380-3D01-409F-84BA-C791D483A9F7}.Template|x86.ActiveCfg = Template|Win32
		{F8B7C380-3D01-409F-84BA-C791D483A9F7}.Template|x86.Build.0 = Template|Win32
		{A0EE1452-D524-43FF-8DDA-A2CB7CCDE889}.Debug|x86.ActiveCfg = Debug|Win32
		{A0EE1452-D524-43FF-8DDA-A2CB7CCDE889}.Debug|x86.Build.0 = Debug|Win32
		{A0EE1452-D524-43FF-8DDA-A2CB7CCDE889}.Release|x86.ActiveCfg = Release|Win32
		{A0EE1452-D524-43FF-8DDA-A2CB7CCDE889}.Release|x86.Build.0 = Release|Win32
		{A0EE1452-D524-43FF-8DDA-A2CB7CCDE889}.Template|x86.ActiveCfg = Template|Win32
		{A0EE1452-D524-43FF-8DDA-A2CB7CCDE889}.Template|x86.Build.0 = Template|Win32
		{234F3773-CE6F-44FD-9A43-9DAEF89510B7}.Debug|x86.ActiveCfg = Debug|Win32
		{234F3773-CE6F-44FD-9A43-9DAEF89510B7}.Debug|x86.Build.0 = Debug|Win32
		{234F3773-CE6F-44FD-9A43-9DAEF89510B7}.Release|x86.ActiveCfg = Release|Win32
		{234F3773-CE6F-44FD-9A43-9DAEF89510B7}.Release|x86.Build.0 = Release|Win32
		{234F3773-CE6F-44FD-9A43-9DAEF89510B7}.Template|x86.ActiveCfg = Template|Win32
		{234F3773-CE6F-44FD-9A43-9DAEF89510B7}.Template|x86.Build.0 = Template|Win32
		{2E3B4CEF-B284-4A7D-A271-56AFD69EA52D}.Debug|x86.ActiveCfg = Debug|Win32
		{2E3B4CEF-B284-4A7D-A271-56AFD69EA52D}.Debug|x86.Build.0 = Debug|Win32
		{2E3B4CEF-B284-4A7D-A271-56AFD69EA52D}.Release|x86.ActiveCfg = Release|Win32
		{2E3B4CEF-B284-4A7D-A271-56AFD69EA52D}.Release|x86.Build.0 = Release|Win32
		{2E3B4CEF-B284-4A7D-A271-56AFD69EA52D}.Template|x86.ActiveCfg = Template|Win32
		{2E3B4CEF-B284-4A7D-A271-56AFD69EA52D}.Template|x86.Build.0 = Template|Win32
		{17C65E4D-C2BA-439C-869E-731C0898AB3E}.Debug|x86.ActiveCfg = Debug|Win32
		{17C65E4D-C2BA-439C-869E-731C0898AB3E}.Debug|x86.Build.0 = Debug|Win32
		{17C65E4D-C2BA-439C-869E-731C0898AB3E}.Release|x86.ActiveCfg = Release|Win32
		{17C65E4D-C2BA-439C-869E-731C0898AB3E}.Release|x86.Build.0 = Release|Win32
		{17C65E4D-C2BA-439C-869E-731C0898AB3E}.Template|x86.ActiveCfg = Template|Win32
		{17C65E4D-C2BA-439C-869E-731C0898AB3E}.Template|x86.Build.0 = Template|Win32
		{CD2B0B6F-30D4-4CFA-9657-780962F564A6}.Debug|x86.ActiveCfg = Debug|Win32
		{CD2B0B6F-30D4-4CFA-9657-780962F564A6}.Debug|x86.Build.0 = Debug|Win32
		{CD2B0B6F-30D4-4CFA-9657-780962F564A6}.Release|x86.ActiveCfg = Release|Win32
		{CD2B0B6F-30D4-4CFA-9657-780962F564A6}.Release|x86.Build.0 = Release|Win32
		{CD2B0B6F-30D4-4CFA-9657-780962F564A6}.Template|x86.ActiveCfg = Template|Win32
		{CD2B0B6F-30D4-4CFA-9657-780962F564A6}.Template|x86.Build.0 = Template|Win32
		{AA291E93-B3B8-4839-B27B-D8118D2A54FE}.Debug|x86.ActiveCfg = Debug|Win32
		{AA291E93-B3B8-4839-B27B-D8118D2A54FE}.Debug|x86.Build.0 = Debug|Win32
		{AA291E93-B3B8-4839-B27B-D8118D2A54FE}.Release|x86.ActiveCfg = Release|Win32
		{AA291E93-B3B8-4839-B27B-D8118D2A54FE}.Release|x86.Build.0 = Release|Win32
		{AA291E93-B3B8-4839-B27B-D8118D2A54FE}.Template|x86.ActiveCfg = Template|Win32
		{AA291E93-B3B8-4839-B27B-D8118D2A54FE}.Template|x86.Build.0 = Template|Win32
		{0ACD6C79-C12E-4BD9-8273-2B55F8786365}.Debug|x86.ActiveCfg = Debug|Win32
		{0ACD6C79-C12E-4BD9-8273-2B55F8786365}.Debug|x86.Build.0 = Debug|Win32
		{0ACD6C79-C12E-4BD9-8273-2B55F8786365}.Release|x86.ActiveCfg = Release|Win32
		{0ACD6C79-C12E-4BD9-8273-2B55F8786365}.Release|x86.Build.0 = Release|Win32
		{0ACD6C79-C12E-4BD9-8273-2B55F8786365}.Template|x86.ActiveCfg = Template|Win32
		{0ACD6C79-C12E-4BD9-8273-2B55F8786365}.Template|x86.Build.0 = Template|Win32
		{9B27C1AB-8542-4126-B46C-90355E2562A7}.Debug|x86.ActiveCfg = Debug|Win32
		{9B27C1AB-8542-4126-B46C-90355E2562A7}.Debug|x86.Build.0 = Debug|Win32
		{9B27C1AB-8542-4126-B46C-90355E2562A7}.Release|x86.ActiveCfg = Release|Win32
		{9B27C1AB-8542-4126-B46C-90355E2562A7}.Release|x86.Build.0 = Release|Win32
		{9B27C1AB-8542-4126-B46C-90355E2562A7}.Template|x86.ActiveCfg = Template|Win32
		{9B27C1AB-8542-4126-B46C-90355E2562A7}.Template|x86.Build.0 = Template|Win32
		{20131D4F-6388-48F0-A19D-512EA9528EE1}.Debug|x86.ActiveCfg = Debug|Win32
		{20131D4F-6388-48F0-A19D-512EA9528EE1}.Debug|x86.Build.0 = Debug|Win32
		{20131D4F-6388-48F0-A19D-512EA9528EE1}.Release|x86.ActiveCfg = Release|Win32
		{20131D4F-6388-48F0-A19D-512EA9528EE1}.Release|x86.Build.0 = Release|Win32
		{20131D4F-6388-48F0-A19D-512EA9528EE1}.Template|x86.ActiveCfg = Template|Win32
		{20131D4F-6388-48F0-A19D-512EA9528EE1}.Template|x86.Build.0 = Template|Win32
		{0542EB63-BF71-43EA-B39E-78137172C9D8}.Debug|x86.ActiveCfg = Debug|Win32
		{0542EB63-BF71-43EA-B39E-78137172C9D8}.Debug|x86.Build.0 = Debug|Win32
		{0542EB63-BF71-43EA-B39E-78137172C9D8}.Release|x86.ActiveCfg = Release|Win32
		{0542EB63-BF71-43EA-B39E-78137172C9D8}.Release|x86.Build.0 = Release|Win32
		{0542EB63-BF71-43EA-B39E-78137172C9D8}.Template|x86.ActiveCfg = Template|Win32
		{0542EB63-BF71-43EA-B39E-78137172C9D8}.Template|x86.Build.0 = Template|Win32
		{A4E525A2-5C95-4D14-828C-50817216CE5F}.Debug|x86.ActiveCfg = Debug|Win32
		{A4E525A2-5C95-4D14-828C-50817216CE5F}.Debug|x86.Build.0 = Debug|Win32
		{A4E525A2-5C95-4D14-828C-50817216CE5F}.Release|x86.ActiveCfg = Release|Win32
		{A4E525A2-5C95-4D14-828C-50817216CE5F}.Release|x86.Build.0 = Release|Win32
		{A4E525A2-5C95-4D14-828C-50817216CE5F}.Template|x86.ActiveCfg = Template|Win32
		{A4E525A2-5C95-4D14-828C-50817216CE5F}.Template|x86.Build.0 = Template|Win32
		{B5CDDE6F-4241-4C2B-9BEE-87E8744716AF}.Debug|x86.ActiveCfg = Debug|Win32
		{B5CDDE6F-4241-4C2B-9BEE-87E8744716AF}.Debug|x86.Build.0 = Debug|Win32
		{B5CDDE6F-4241-4C2B-9BEE-87E8744716AF}.Release|x86.ActiveCfg = Release|Win32
		{B5CDDE6F-4241-4C2B-9BEE-87E8744716AF}.Release|x86.Build.0 = Release|Win32
		{B5CDDE6F-4241-4C2B-9BEE-87E8744716AF}.Template|x86.ActiveCfg = Template|Win32
		{B5CDDE6F-4241-4C2B-9BEE-87E8744716AF}.Template|x86.Build.0 = Template|Win32
		{4AA5AB47-B070-4BFE-A6CA-9A4E9F08AF77}.Debug|x86.ActiveCfg = Debug|Win32
		{4AA5AB47-B070-4BFE-A6CA-9A4E9F08AF77}.Debug|x86.Build.0 = Debug|Win32
		{4AA5AB47-B070-4BFE-A6CA-9A4E9F08AF77}.Release|x86.ActiveCfg = Release|Win32
		{4AA5AB47-B070-4BFE-A6CA-9A4E9F08AF77}.Release|x86.Build.0 = Release|Win32
		{4AA5AB47-B070-4BFE-A6CA-9A4E9F08AF77}.Template|x86.ActiveCfg = Template|Win32
		{4AA5AB47-B070-4BFE-A6CA-9A4E9F08AF77}.Template|x86.Build.0 = Template|Win32
		{1F6910B3-1C12-4C33-ACC6-658BBE803A46}.Debug|x86.ActiveCfg = Debug|Win32
		{1F6910B3-1C12-4C33-ACC6-658BBE803A46}.Debug|x86.Build.0 = Debug|Win32
		{1F6910B3-1C12-4C33-ACC6-658BBE803A46}.Release|x86.ActiveCfg = Release|Win32
		{1F6910B3-1C12-4C33-ACC6-658BBE803A46}.Release|x86.Build.0 = Release|Win32
		{1F6910B3-1C12-4C33-ACC6-658BBE803A46}.Template|x86.ActiveCfg = Template|Win32
		{1F6910B3-1C12-4C33-ACC6-658BBE803A46}.Template|x86.Build.0 = Template|Win32
		{9717F037-17F4-4270-AFAE-7BB4EABF740B}.Debug|x86.ActiveCfg = Debug|Win32
		{9717F037-17F4-4270-AFAE-7BB4EABF740B}.Debug|x86.Build.0 = Debug|Win32
		{9717F037-17F4-4270-AFAE-7BB4EABF740B}.Release|x86.ActiveCfg = Release|Win32
		{9717F037-17F4-4270-AFAE-7BB4EABF740B}.Release|x86.Build.0 = Release|Win32
		{9717F037-17F4-4270-AFAE-7BB4EABF740B}.Template|x86.ActiveCfg = Template|Win32
		{9717F037-17F4-4270-AFAE-7BB4EABF740B}.Template|x86.Build.0 = Template|Win32
		{09FF00B3-F670-40C5-9841-C4A5FC517D02}.Debug|x86.ActiveCfg = Debug|Win32
		{09FF00B3-F670-40C5-9841-C4A5FC517D02}.Debug|x86.Build.0 = Debug|Win32
		{09FF00B3-F670-40C5-9841-C4A5FC517D02}.Release|x86.ActiveCfg = Release|Win32
		{09FF00B3-F670-40C5-9841-C4A5FC517D02}.Release|x86.Build.0 = Release|Win32
		{09FF00B3-F670-40C5-9841-C4A5FC517D02}.Template|x86.ActiveCfg = Template|Win32
		{09FF00B3-F670-40C5-9841-C4A5FC517D02}.Template|x86.Build.0 = Template|Win32
		{DD064938-20C9-4F8E-A54B-654DEF476DAD}.Debug|x86.ActiveCfg = Debug|Win32
		{DD064938-20C9-4F8E-A54B-654DEF476DAD}.Debug|x86.Build.0 = Debug|Win32
		{DD064938-20C9-4F8E-A54B-654DEF476DAD}.Release|x86.ActiveCfg = Release|Win32
		{DD064938-20C9-4F8E-A54B-654DEF476DAD}.Release|x86.Build.0 = Release|Win32
		{DD064938-20C9-4F8E-A54B-654DEF476DAD}.Template|x86.ActiveCfg = Template|Win32
		{DD064938-20C9-4F8E-A54B-654DEF476DAD}.Template|x86.Build.0 = Template|Win32
		{703E35F0-E725-40C4-9F28-3E0F0A5E33F9}.Debug|x86.ActiveCfg = Debug|Win32
		{703E35F0-E725-40C4-9F28-3E0F0A5E33F9}.Debug|x86.Build.0 = Debug|Win32
		{703E35F0-E725-40C4-9F28-3E0F0A5E33F9}.Release|x86.ActiveCfg = Release|Win32
		{703E35F0-E725-40C4-9F28-3E0F0A5E33F9}.Release|x86.Build.0 = Release|Win32
		{703E35F0-E725-40C4-9F28-3E0F0A5E33F9}.Template|x86.ActiveCfg = Template|Win32
		{703E35F0-E725-40C4-9F28-3E0F0A5E33F9}.Template|x86.Build.0 = Template|Win32
		{1016E8C1-74E2-4FA5-A021-34295BB86835}.Debug|x86.ActiveCfg = Debug|Win32
		{1016E8C1-74E2-4FA5-A021-34295BB86835}.Debug|x86.Build.0 = Debug|Win32
		{1016E8C1-74E2-4FA5-A021-34295BB86835}.Release|x86.ActiveCfg = Release|Win32
		{1016E8C1-74E2-4FA5-A021-34295BB86835}.Release|x86.Build.0 = Release|Win32
		{1016E8C1-74E2-4FA5-A021-34295BB86835}.Template|x86.ActiveCfg = Template|Win32
		{1016E8C1-74E2-4FA5-A021-34295BB86835}.Template|x86.Build.0 = Template|Win32
		{0D02B778-2D96-4BD1-AC48-2F2C97868865}.Debug|x86.ActiveCfg = Debug|Win32
		{0D02B778-2D96-4BD1-AC48-2F2C97868865}.Debug|x86.Build.0 = Debug|Win32
		{0D02B778-2D96-4BD1-AC48-2F2C97868865}.Release|x86.ActiveCfg = Release|Win32
		{0D02B778-2D96-4BD1-AC48-2F2C97868865}.Release|x86.Build.0 = Release|Win32
		{0D02B778-2D96-4BD1-AC48-2F2C97868865}.Template|x86.ActiveCfg = Template|Win32
		{0D02B778-2D96-4BD1-AC48-2F2C97868865}.Template|x86.Build.0 = Template|Win32
		{FAEAB161-CE41-424C-AC80-1DA68E7DB227}.Debug|x86.ActiveCfg = Debug|Win32
		{FAEAB161-CE41-424C-AC80-1DA68E7DB227}.Debug|x86.Build.0 = Debug|Win32
		{FAEAB161-CE41-424C-AC80-1DA68E7DB227}.Release|x86.ActiveCfg = Release|Win32
		{FAEAB161-CE41-424C-AC80-1DA68E7DB227}.Release|x86.Build.0 = Release|Win32
		{FAEAB161-CE41-424C-AC80-1DA68E7DB227}.Template|x86.ActiveCfg = Template|Win32
		{FAEAB161-CE41-424C-AC80-1DA68E7DB227}.Template|x86.Build.0 = Template|Win32
		{6EA13545-4C97-4446-B696-6F006B662C1F}.Debug|x86.ActiveCfg = Debug|Win32
		{6EA13545-4C97-4446-B696-6F006B662C1F}.Debug|x86.Build.0 = Debug|Win32
		{6EA13545-4C97-4446-B696-6F006B662C1F}.Release|x86.ActiveCfg = Release|Win32
		{6EA13545-4C97-4446-B696-6F006B662C1F}.Release|x86.Build.0 = Release|Win32
		{6EA13545-4C97-4446-B696-6F006B662C1F}.Template|x86.ActiveCfg = Template|Win32
		{6EA13545-4C97-4446-B696-6F006B662C1F}.Template|x86.Build.0 = Template|Win32
		{C6ACC8F2-ADB6-4F3A-A4C7-745548CB5902}.Debug|x86.ActiveCfg = Debug|Win32
		{C6ACC8F2-ADB6-4F3A-A4C7-745548CB5902}.Debug|x86.Build.0 = Debug|Win32
		{C6ACC8F2-ADB6-4F3A-A4C7-745548CB5902}.Release|x86.ActiveCfg = Release|Win32
		{C6ACC8F2-ADB6-4F3A-A4C7-745548CB5902}.Release|x86.Build.0 = Release|Win32
		{C6ACC8F2-ADB6-4F3A-A4C7-745548CB5902}.Template|x86.ActiveCfg = Template|Win32
		{C6ACC8F2-ADB6-4F3A-A4C7-745548CB5902}.Template|x86.Build.0 = Template|Win32
		{0D60102E-ED7B-4DF0-86E0-D3E4EC3EDB10}.Debug|x86.ActiveCfg = Debug|Win32
		{0D60102E-ED7B-4DF0-86E0-D3E4EC3EDB10}.Debug|x86.Build.0 = Debug|Win32
		{0D60102E-ED7B-4DF0-86E0-D3E4EC3EDB10}.Release|x86.ActiveCfg = Release|Win32
		{0D60102E-ED7B-4DF0-86E0-D3E4EC3EDB10}.Release|x86.Build.0 = Release|Win32
		{0D60102E-ED7B-4DF0-86E0-D3E4EC3EDB10}.Template|x86.ActiveCfg = Template|Win32
		{0D60102E-ED7B-4DF0-86E0-D3E4EC3EDB10}.Template|x86.Build.0 = Template|Win32
		{FAF160DB-F19F-49DA-A3DA-FE9EDC477DB2}.Debug|x86.ActiveCfg = Debug|Win32
		{FAF160DB-F19F-49DA-A3DA-FE9EDC477DB2}.Debug|x86.Build.0 = Debug|Win32
		{FAF160DB-F19F-49DA-A3DA-FE9EDC477DB2}.Release|x86.ActiveCfg = Release|Win32
		{FAF160DB-F19F-49DA-A3DA-FE9EDC477DB2}.Release|x86.Build.0 = Release|Win32
		{FAF160DB-F19F-49DA-A3DA-FE9EDC477DB2}.Template|x86.ActiveCfg = Template|Win32
		{FAF160DB-F19F-49DA-A3DA-FE9EDC477DB2}.Template|x86.Build.0 = Template|Win32
		{11C69FC1-ACD4-42D9-A3F1-7562194921A8}.Debug|x86.ActiveCfg = Debug|Win32
		{11C69FC1-ACD4-42D9-A3F1-7562194921A8}.Debug|x86.Build.0 = Debug|Win32
		{11C69FC1-ACD4-42D9-A3F1-7562194921A8}.Release|x86.ActiveCfg = Release|Win32
		{11C69FC1-ACD4-42D9-A3F1-7562194921A8}.Release|x86.Build.0 = Release|Win32
		{11C69FC1-ACD4-42D9-A3F1-7562194921A8}.Template|x86.ActiveCfg = Template|Win32
		{11C69FC1-ACD4-42D9-A3F1-7562194921A8}.Template|x86.Build.0 = Template|Win32
		{F81BFD5D-A8ED-4E1A-A3FB-D60A75FD8582}.Debug|x86.ActiveCfg = Debug|Win32
		{F81BFD5D-A8ED-4E1A-A3FB-D60A75FD8582}.Debug|x86.Build.0 = Debug|Win32
		{F81BFD5D-A8ED-4E1A-A3FB-D60A75FD8582}.Release|x86.ActiveCfg = Release|Win32
		{F81BFD5D-A8ED-4E1A-A3FB-D60A75FD8582}.Release|x86.Build.0 = Release|Win32
		{F81BFD5D-A8ED-4E1A-A3FB-D60A75FD8582}.Template|x86.ActiveCfg = Template|Win32
		{F81BFD5D-A8ED-4E1A-A3FB-D60A75FD8582}.Template|x86.Build.0 = Template|Win32
		{05296078-3139-45CA-9D05-6ABD132BB58D}.Debug|x86.ActiveCfg = Debug|Win32
		{05296078-3139-45CA-9D05-6ABD132BB58D}.Debug|x86.Build.0 = Debug|Win32
		{05296078-3139-45CA-9D05-6ABD132BB58D}.Release|x86.ActiveCfg = Release|Win32
		{05296078-3139-45CA-9D05-6ABD132BB58D}.Release|x86.Build.0 = Release|Win32
		{05296078-3139-45CA-9D05-6ABD132BB58D}.Template|x86.ActiveCfg = Template|Win32
		{05296078-3139-45CA-9D05-6ABD132BB58D}.Template|x86.Build.0 = Template|Win32
		{8A4FC8F7-C3DD-4790-A649-B23F9E89F6A6}.Debug|x86.ActiveCfg = Debug|Win32
		{8A4FC8F7-C3DD-4790-A649-B23F9E89F6A6}.Debug|x86.Build.0 = Debug|Win32
		{8A4FC8F7-C3DD-4790-A649-B23F9E89F6A6}.Release|x86.ActiveCfg = Release|Win32
		{8A4FC8F7-C3DD-4790-A649-B23F9E89F6A6}.Release|x86.Build.0 = Release|Win32
		{8A4FC8F7-C3DD-4790-A649-B23F9E89F6A6}.Template|x86.ActiveCfg = Template|Win32
		{8A4FC8F7-C3DD-4790-A649-B23F9E89F6A6}.Template|x86.Build.0 = Template|Win32
		{4E7A6EC7-E437-4572-8A90-52A8A42D175F}.Debug|x86.ActiveCfg = Debug|Win32
		{4E7A6EC7-E437-4572-8A90-52A8A42D175F}.Debug|x86.Build.0 = Debug|Win32
		{4E7A6EC7-E437-4572-8A90-52A8A42D175F}.Release|x86.ActiveCfg = Release|Win32
		{4E7A6EC7-E437-4572-8A90-52A8A42D175F}.Release|x86.Build.0 = Release|Win32
		{4E7A6EC7-E437-4572-8A90-52A8A42D175F}.Template|x86.ActiveCfg = Template|Win32
		{4E7A6EC7-E437-4572-8A90-52A8A42D175F}.Template|x86.Build.0 = Template|Win32
		{3E2991A5-1F1D-4B5A-BD0D-080B6A8A17CB}.Debug|x86.ActiveCfg = Debug|Win32
		{3E2991A5-1F1D-4B5A-BD0D-080B6A8A17CB}.Debug|x86.Build.0 = Debug|Win32
		{3E2991A5-1F1D-4B5A-BD0D-080B6A8A17CB}.Release|x86.ActiveCfg = Release|Win32
		{3E2991A5-1F1D-4B5A-BD0D-080B6A8A17CB}.Release|x86.Build.0 = Release|Win32
		{3E2991A5-1F1D-4B5A-BD0D-080B6A8A17CB}.Template|x86.ActiveCfg = Template|Win32
		{3E2991A5-1F1D-4B5A-BD0D-080B6A8A17CB}.Template|x86.Build.0 = Template|Win32
		{0D47E874-A381-4AEF-9BF5-AE533FFC440D}.Debug|x86.ActiveCfg = Debug|Win32
		{0D47E874-A381-4AEF-9BF5-AE533FFC440D}.Debug|x86.Build.0 = Debug|Win32
		{0D47E874-A381-4AEF-9BF5-AE533FFC440D}.Release|x86.ActiveCfg = Release|Win32
		{0D47E874-A381-4AEF-9BF5-AE533FFC440D}.Release|x86.Build.0 = Release|Win32
		{0D47E874-A381-4AEF-9BF5-AE533FFC440D}.Template|x86.ActiveCfg = Template|Win32
		{0D47E874-A381-4AEF-9BF5-AE533FFC440D}.Template|x86.Build.0 = Template|Win32
		{2FBD9FCC-CF00-47D2-9B10-C8E631BAD3E6}.Debug|x86.ActiveCfg = Debug|Win32
		{2FBD9FCC-CF00-47D2-9B10-C8E631BAD3E6}.Debug|x86.Build.0 = Debug|Win32
		{2FBD9FCC-CF00-47D2-9B10-C8E631BAD3E6}.Release|x86.ActiveCfg = Release|Win32
		{2FBD9FCC-CF00-47D2-9B10-C8E631BAD3E6}.Release|x86.Build.0 = Release|Win32
		{2FBD9FCC-CF00-47D2-9B10-C8E631BAD3E6}.Template|x86.ActiveCfg = Template|Win32
		{2FBD9FCC-CF00-47D2-9B10-C8E631BAD3E6}.Template|x86.Build.0 = Template|Win32
		{0DBDF3C4-CA1B-4E4B-B4E5-D8DB865830B1}.Debug|x86.ActiveCfg = Debug|Win32
		{0DBDF3C4-CA1B-4E4B-B4E5-D8DB865830B1}.Debug|x86.Build.0 = Debug|Win32
		{0DBDF3C4-CA1B-4E4B-B4E5-D8DB865830B1}.Release|x86.ActiveCfg = Release|Win32
		{0DBDF3C4-CA1B-4E4B-B4E5-D8DB865830B1}.Release|x86.Build.0 = Release|Win32
		{0DBDF3C4-CA1B-4E4B-B4E5-D8DB865830B1}.Template|x86.ActiveCfg = Template|Win32
		{0DBDF3C4-CA1B-4E4B-B4E5-D8DB865830B1}.Template|x86.Build.0 = Template|Win32
		{CA2F3D88-96D7-4E12-BDBF-80FB73AF40D8}.Debug|x86.ActiveCfg = Debug|Win32
		{CA2F3D88-96D7-4E12-BDBF-80FB73AF40D8}.Debug|x86.Build.0 = Debug|Win32
		{CA2F3D88-96D7-4E12-BDBF-80FB73AF40D8}.Release|x86.ActiveCfg = Release|Win32
		{CA2F3D88-96D7-4E12-BDBF-80FB73AF40D8}.Release|x86.Build.0 = Release|Win32
		{CA2F3D88-96D7-4E12-BDBF-80FB73AF40D8}.Template|x86.ActiveCfg = Template|Win32
		{CA2F3D88-96D7-4E12-BDBF-80FB73AF40D8}.Template|x86.Build.0 = Template|Win32
		{D8439599-4B2F-4C0E-8230-4445268E0782}.Debug|x86.ActiveCfg = Debug|Win32
		{D8439599-4B2F-4C0E-8230-4445268E0782}.Debug|x86.Build.0 = Debug|Win32
		{D8439599-4B2F-4C0E-8230-4445268E0782}.Release|x86.ActiveCfg = Release|Win32
		{D8439599-4B2F-4C0E-8230-4445268E0782}.Release|x86.Build.0 = Release|Win32
		{D8439599-4B2F-4C0E-8230-4445268E0782}.Template|x86.ActiveCfg = Template|Win32
		{D8439599-4B2F-4C0E-8230-4445268E0782}.Template|x86.Build.0 = Template|Win32
		{BB3D8AA9-8B66-4024-9C2A-DF109E1B317B}.Debug|x86.ActiveCfg = Debug|Win32
		{BB3D8AA9-8B66-4024-9C2A-DF109E1B317B}.Debug|x86.Build.0 = Debug|Win32
		{BB3D8AA9-8B66-4024-9C2A-DF109E1B317B}.Release|x86.ActiveCfg = Release|Win32
		{BB3D8AA9-8B66-4024-9C2A-DF109E1B317B}.Release|x86.Build.0 = Release|Win32
		{BB3D8AA9-8B66-4024-9C2A-DF109E1B317B}.Template|x86.ActiveCfg = Template|Win32
		{BB3D8AA9-8B66-4024-9C2A-DF109E1B317B}.Template|x86.Build.0 = Template|Win32
		{B85C329C-2F20-4DB4-B199-8A6EDB9C5CC6}.Debug|x86.ActiveCfg = Debug|Win32
		{B85C329C-2F20-4DB4-B199-8A6EDB9C5CC6}.Debug|x86.Build.0 = Debug|Win32
		{B85C329C-2F20-4DB4-B199-8A6EDB9C5CC6}.Release|x86.ActiveCfg = Release|Win32
		{B85C329C-2F20-4DB4-B199-8A6EDB9C5CC6}.Release|x86.Build.0 = Release|Win32
		{B85C329C-2F20-4DB4-B199-8A6EDB9C5CC6}.Template|x86.ActiveCfg = Template|Win32
		{B85C329C-2F20-4DB4-B199-8A6EDB9C5CC6}.Template|x86.Build.0 = Template|Win32
		{9F8F54FE-64D5-4C67-9ACD-53C595A9A668}.Debug|x86.ActiveCfg = Debug|Win32
		{9F8F54FE-64D5-4C67-9ACD-53C595A9A668}.Debug|x86.Build.0 = Debug|Win32
		{9F8F54FE-64D5-4C67-9ACD-53C595A9A668}.Release|x86.ActiveCfg = Release|Win32
		{9F8F54FE-64D5-4C67-9ACD-53C595A9A668}.Release|x86.Build.0 = Release|Win32
		{9F8F54FE-64D5-4C67-9ACD-53C595A9A668}.Template|x86.ActiveCfg = Template|Win32
		{9F8F54FE-64D5-4C67-9ACD-53C595A9A668}.Template|x86.Build.0 = Template|Win32
		{4E978915-0504-4DDD-B14D-8616525CEAE5}.Debug|x86.ActiveCfg = Debug|Win32
		{4E978915-0504-4DDD-B14D-8616525CEAE5}.Debug|x86.Build.0 = Debug|Win32
		{4E978915-0504-4DDD-B14D-8616525CEAE5}.Release|x86.ActiveCfg = Release|Win32
		{4E978915-0504-4DDD-B14D-8616525CEAE5}.Release|x86.Build.0 = Release|Win32
		{4E978915-0504-4DDD-B14D-8616525CEAE5}.Template|x86.ActiveCfg = Template|Win32
		{4E978915-0504-4DDD-B14D-8616525CEAE5}.Template|x86.Build.0 = Template|Win32
		{5F355627-BB4C-448E-BD9E-887E243F1C79}.Debug|x86.ActiveCfg = Debug|Win32
		{5F355627-BB4C-448E-BD9E-887E243F1C79}.Debug|x86.Build.0 = Debug|Win32
		{5F355627-BB4C-448E-BD9E-887E243F1C79}.Release|x86.ActiveCfg = Release|Win32
		{5F355627-BB4C-448E-BD9E-887E243F1C79}.Release|x86.Build.0 = Release|Win32
		{5F355627-BB4C-448E-BD9E-887E243F1C79}.Template|x86.ActiveCfg = Template|Win32
		{5F355627-BB4C-448E-BD9E-887E243F1C79}.Template|x86.Build.0 = Template|Win32
		{B22632DA-A6EB-4D53-B80B-A0F58AA674CB}.Debug|x86.ActiveCfg = Debug|Win32
		{B22632DA-A6EB-4D53-B80B-A0F58AA674CB}.Debug|x86.Build.0 = Debug|Win32
		{B22632DA-A6EB-4D53-B80B-A0F58AA674CB}.Release|x86.ActiveCfg = Release|Win32
		{B22632DA-A6EB-4D53-B80B-A0F58AA674CB}.Release|x86.Build.0 = Release|Win32
		{B22632DA-A6EB-4D53-B80B-A0F58AA674CB}.Template|x86.ActiveCfg = Template|Win32
		{B22632DA-A6EB-4D53-B80B-A0F58AA674CB}.Template|x86.Build.0 = Template|Win32
		{AA66D49A-4B8E-4081-9FF6-D619B673FB92}.Debug|x86.ActiveCfg = Debug|Win32
		{AA66D49A-4B8E-4081-9FF6-D619B673FB92}.Debug|x86.Build.0 = Debug|Win32
		{AA66D49A-4B8E-4081-9FF6-D619B673FB92}.Release|x86.ActiveCfg = Release|Win32
		{AA66D49A-4B8E-4081-9FF6-D619B673FB92}.Release|x86.Build.0 = Release|Win32
		{AA66D49A-4B8E-4081-9FF6-D619B673FB92}.Template|x86.ActiveCfg = Template|Win32
		{AA66D49A-4B8E-4081-9FF6-D619B673FB92}.Template|x86.Build.0 = Template|Win32
		{EF837B0F-1363-4AB0-B3E9-E84B09DF3C58}.Debug|x86.ActiveCfg = Debug|Win32
		{EF837B0F-1363-4AB0-B3E9-E84B09DF3C58}.Debug|x86.Build.0 = Debug|Win32
		{EF837B0F-1363-4AB0-B3E9-E84B09DF3C58}.Release|x86.ActiveCfg = Release|Win32
		{EF837B0F-1363-4AB0-B3E9-E84B09DF3C58}.Release|x86.Build.0 = Release|Win32
		{EF837B0F-1363-4AB0-B3E9-E84B09DF3C58}.Template|x86.ActiveCfg = Template|Win32
		{EF837B0F-1363-4AB0-B3E9-E84B09DF3C58}.Template|x86.Build.0 = Template|Win32
		{B6244BC0-3F25-468F-B06D-0BFCC7308C54}.Debug|x86.ActiveCfg = Debug|Win32
		{B6244BC0-3F25-468F-B06D-0BFCC7308C54}.Debug|x86.Build.0 = Debug|Win32
		{B6244BC0-3F25-468F-B06D-0BFCC7308C54}.Release|x86.ActiveCfg = Release|Win32
		{B6244BC0-3F25-468F-B06D-0BFCC7308C54}.Release|x86.Build.0 = Release|Win32
		{B6244BC0-3F25-468F-B06D-0BFCC7308C54}.Template|x86.ActiveCfg = Template|Win32
		{B6244BC0-3F25-468F-B06D-0BFCC7308C54}.Template|x86.Build.0 = Template|Win32
		{99D819A6-5279-44E3-BA39-BDB9F974E10B}.Debug|x86.ActiveCfg = Debug|Win32
		{99D819A6-5279-44E3-BA39-BDB9F974E10B}.Debug|x86.Build.0 = Debug|Win32
		{99D819A6-5279-44E3-BA39-BDB9F974E10B}.Release|x86.ActiveCfg = Release|Win32
		{99D819A6-5279-44E3-BA39-BDB9F974E10B}.Release|x86.Build.0 = Release|Win32
		{99D819A6-5279-44E3-BA39-BDB9F974E10B}.Template|x86.ActiveCfg = Template|Win32
		{99D819A6-5279-44E3-BA39-BDB9F974E10B}.Template|x86.Build.0 = Template|Win32
		{D4D440BE-0702-4B14-8179-51C87D07C953}.Debug|x86.ActiveCfg = Debug|Win32
		{D4D440BE-0702-4B14-8179-51C87D07C953}.Debug|x86.Build.0 = Debug|Win32
		{D4D440BE-0702-4B14-8179-51C87D07C953}.Release|x86.ActiveCfg = Release|Win32
		{D4D440BE-0702-4B14-8179-51C87D07C953}.Release|x86.Build.0 = Release|Win32
		{D4D440BE-0702-4B14-8179-51C87D07C953}.Template|x86.ActiveCfg = Template|Win32
		{D4D440BE-0702-4B14-8179-51C87D07C953}.Template|x86.Build.0 = Template|Win32
		{C4B3E99B-F958-41C3-9A26-C92FC4437F64}.Debug|x86.ActiveCfg = Debug|Win32
		{C4B3E99B-F958-41C3-9A26-C92FC4437F64}.Debug|x86.Build.0 = Debug|Win32
		{C4B3E99B-F958-41C3-9A26-C92FC4437F64}.Release|x86.ActiveCfg = Release|Win32
		{C4B3E99B-F958-41C3-9A26-C92FC4437F64}.Release|x86.Build.0 = Release|Win32
		{C4B3E99B-F958-41C3-9A26-C92FC4437F64}.Template|x86.ActiveCfg = Template|Win32
		{C4B3E99B-F958-41C3-9A26-C92FC4437F64}.Template|x86.Build.0 = Template|Win32
		{0C7BD7A8-5A0A-4CED-A18B-DB7187C2CF0D}.Debug|x86.ActiveCfg = Debug|Win32
		{0C7BD7A8-5A0A-4CED-A18B-DB7187C2CF0D}.Debug|x86.Build.0 = Debug|Win32
		{0C7BD7A8-5A0A-4CED-A18B-DB7187C2CF0D}.Release|x86.ActiveCfg = Release|Win32
		{0C7BD7A8-5A0A-4CED-A18B-DB7187C2CF0D}.Release|x86.Build.0 = Release|Win32
		{0C7BD7A8-5A0A-4CED-A18B-DB7187C2CF0D}.Template|x86.ActiveCfg = Template|Win32
		{0C7BD7A8-5A0A-4CED-A18B-DB7187C2CF0D}.Template|x86.Build.0 = Template|Win32
		{4D936323-B459-429E-B192-39B9290E3883}.Debug|x86.ActiveCfg = Debug|Win32
		{4D936323-B459-429E-B192-39B9290E3883}.Debug|x86.Build.0 = Debug|Win32
		{4D936323-B459-429E-B192-39B9290E3883}.Release|x86.ActiveCfg = Release|Win32
		{4D936323-B459-429E-B192-39B9290E3883}.Release|x86.Build.0 = Release|Win32
		{4D936323-B459-429E-B192-39B9290E3883}.Template|x86.ActiveCfg = Template|Win32
		{4D936323-B459-429E-B192-39B9290E3883}.Template|x86.Build.0 = Template|Win32
		{80D29696-DA27-4767-B736-AF0B0DCE4500}.Debug|x86.ActiveCfg = Debug|Win32
		{80D29696-DA27-4767-B736-AF0B0DCE4500}.Debug|x86.Build.0 = Debug|Win32
		{80D29696-DA27-4767-B736-AF0B0DCE4500}.Release|x86.ActiveCfg = Release|Win32
		{80D29696-DA27-4767-B736-AF0B0DCE4500}.Release|x86.Build.0 = Release|Win32
		{80D29696-DA27-4767-B736-AF0B0DCE4500}.Template|x86.ActiveCfg = Template|Win32
		{80D29696-DA27-4767-B736-AF0B0DCE4500}.Template|x86.Build.0 = Template|Win32
		{7FEB7D92-C789-4A2C-B1F3-06C54CE276EE}.Debug|x86.ActiveCfg = Debug|Win32
		{7FEB7D92-C789-4A2C-B1F3-06C54CE276EE}.Debug|x86.Build.0 = Debug|Win32
		{7FEB7D92-C789-4A2C-B1F3-06C54CE276EE}.Release|x86.ActiveCfg = Release|Win32
		{7FEB7D92-C789-4A2C-B1F3-06C54CE276EE}.Release|x86.Build.0 = Release|Win32
		{7FEB7D92-C789-4A2C-B1F3-06C54CE276EE}.Template|x86.ActiveCfg = Template|Win32
		{7FEB7D92-C789-4A2C-B1F3-06C54CE276EE}.Template|x86.Build.0 = Template|Win32
		{245A53C3-5938-4066-9046-6F37FB78CC3F}.Debug|x86.ActiveCfg = Debug|Win32
		{245A53C3-5938-4066-9046-6F37FB78CC3F}.Debug|x86.Build.0 = Debug|Win32
		{245A53C3-5938-4066-9046-6F37FB78CC3F}.Release|x86.ActiveCfg = Release|Win32
		{245A53C3-5938-4066-9046-6F37FB78CC3F}.Release|x86.Build.0 = Release|Win32
		{245A53C3-5938-4066-9046-6F37FB78CC3F}.Template|x86.ActiveCfg = Template|Win32
		{245A53C3-5938-4066-9046-6F37FB78CC3F}.Template|x86.Build.0 = Template|Win32
	EndGlobalSection
	GlobalSection(SolutionProperties) = preSolution
		HideSolutionNode = FALSE
	EndGlobalSection
EndGlobal
