<?xml version="1.0" encoding="utf-8"?>
<Project ToolsVersion="4.0" xmlns="http://schemas.microsoft.com/developer/msbuild/2003">
  <ItemGroup>
    <Filter Include="Source Files">
      <UniqueIdentifier>{ca26b1c5-eadd-4ef6-9d35-c79a1c3743d8}</UniqueIdentifier>
      <Extensions>cpp;c;cxx;rc;def;r;odl;idl;hpj;bat</Extensions>
    </Filter>
    <Filter Include="Header Files">
      <UniqueIdentifier>{67c9a84b-6a67-47e9-9813-9cb994e498bd}</UniqueIdentifier>
      <Extensions>h;hpp;hxx;hm;inl</Extensions>
    </Filter>
    <Filter Include="Resource Files">
      <UniqueIdentifier>{8e816088-28fd-4bf7-a520-4d2862f55a1a}</UniqueIdentifier>
      <Extensions>ico;cur;bmp;dlg;rc2;rct;bin;rgs;gif;jpg;jpeg;jpe</Extensions>
    </Filter>
  </ItemGroup>
  <ItemGroup>
    <ResourceCompile Include="debugger.rc">
      <Filter>Source Files</Filter>
    </ResourceCompile>
  </ItemGroup>
  <ItemGroup>
    <ClCompile Include="debuggerapp.cpp">
      <Filter>Source Files</Filter>
    </ClCompile>
    <ClCompile Include="debugtree.cpp">
      <Filter>Source Files</Filter>
    </ClCompile>
    <ClCompile Include="mainframe.cpp">
      <Filter>Source Files</Filter>
    </ClCompile>
    <ClCompile Include="prefs.cpp">
      <Filter>Source Files</Filter>
    </ClCompile>
    <ClCompile Include="sourcefile.cpp">
      <Filter>Source Files</Filter>
    </ClCompile>
    <ClCompile Include="stdafx.cpp">
      <Filter>Source Files</Filter>
    </ClCompile>
    <ClCompile Include="stdutil.cpp">
      <Filter>Source Files</Filter>
    </ClCompile>
    <ClCompile Include="tabber.cpp">
      <Filter>Source Files</Filter>
    </ClCompile>
  </ItemGroup>
  <ItemGroup>
    <ClInclude Include="debugger.h">
      <Filter>Header Files</Filter>
    </ClInclude>
    <ClInclude Include="debuggerapp.h">
      <Filter>Header Files</Filter>
    </ClInclude>
    <ClInclude Include="debugtree.h">
      <Filter>Header Files</Filter>
    </ClInclude>
    <ClInclude Include="mainframe.h">
      <Filter>Header Files</Filter>
    </ClInclude>
    <ClInclude Include="prefs.h">
      <Filter>Header Files</Filter>
    </ClInclude>
    <ClInclude Include="resource.h">
      <Filter>Header Files</Filter>
    </ClInclude>
    <ClInclude Include="sourcefile.h">
      <Filter>Header Files</Filter>
    </ClInclude>
    <ClInclude Include="stdafx.h">
      <Filter>Header Files</Filter>
    </ClInclude>
    <ClInclude Include="tabber.h">
      <Filter>Header Files</Filter>
    </ClInclude>
  </ItemGroup>
</Project>